
Microsoft Visual Studio Solution File, Format Version 12.00
# Visual Studio Version 17
VisualStudioVersion = 17.4.33403.182
MinimumVisualStudioVersion = 10.0.40219.1
Project("{FAE04EC0-301F-11D3-BF4B-00C04F79EFBC}") = "Pharaoh-L10n", "Pharaoh-L10n.csproj", "{45659AAE-E1A0-44FB-AEF7-7EEF2F4E3516}"
EndProject
Global
	GlobalSection(SolutionConfigurationPlatforms) = preSolution
		Debug|Any CPU = Debug|Any CPU
		Release|Any CPU = Release|Any CPU
	EndGlobalSection
	GlobalSection(ProjectConfigurationPlatforms) = postSolution
		{45659AAE-E1A0-44FB-AEF7-7EEF2F4E3516}.Debug|Any CPU.ActiveCfg = Debug|Any CPU
		{45659AAE-E1A0-44FB-AEF7-7EEF2F4E3516}.Debug|Any CPU.Build.0 = Debug|Any CPU
		{45659AAE-E1A0-44FB-AEF7-7EEF2F4E3516}.Release|Any CPU.ActiveCfg = Release|Any CPU
		{45659AAE-E1A0-44FB-AEF7-7EEF2F4E3516}.Release|Any CPU.Build.0 = Release|Any CPU
	EndGlobalSection
	GlobalSection(SolutionProperties) = preSolution
		HideSolutionNode = FALSE
	EndGlobalSection
	GlobalSection(ExtensibilityGlobals) = postSolution
		SolutionGuid = {C11762CF-0296-4110-9DBA-EB4BE71D575A}
	EndGlobalSection
EndGlobal
